{
  "name": "round",
  "version": "1.0.0",
  "lockfileVersion": 1,
  "requires": true,
  "dependencies": {
    "coolors-io": {
      "version": "1.1.1",
      "resolved": "https://registry.npmjs.org/coolors-io/-/coolors-io-1.1.1.tgz",
      "integrity": "sha512-o3yY3eM6ZqUazQDDC06vEW1PXN1dcVEEZfknEpp/r56KSr1TmgR3ssFcNn0E/CRDGd5kFgCnkcv78FoZMJvmTA=="
    }
  }
}
